github.com/MauriceGit/skiplist v0.0.0-20191117202105-643e379adb62 h1:gDG99+yxKg62ymqQVT33Vb2oDaxTx5j3M87VdR8xcOs=
github.com/MauriceGit/skiplist v0.0.0-20191117202105-643e379adb62/go.mod h1:877WBceefKn14QwVVn4xRFUsHsZb9clICgdeTj4XsUg=
github.com/collinglass/bptree v0.0.0-20150421005947-9bfc0de8049e h1:7yPXwlPutGq9GRybCfXBuX/zI6EKXtgCW8I5XDOvJl0=
github.com/collinglass/bptree v0.0.0-20150421005947-9bfc0de8049e/go.mod h1:GAugteqd9JOsaHsyD0tgA34S76LP53jNcn8jBg2pYXY=
github.com/google/btree v1.0.0 h1:0udJVsspx3VBr5FwtLhQQtuAsVc79tTq0ocGIPAU6qo=
github.com/google/btree v1.0.0/go.mod h1:lNA+9X1NB3Zf8V7Ke586lFgjr2dZNuvo3lPJSGZ5JPQ=
github.com/timtadh/fs2 v0.1.0 h1:a7b3umlB7XbEfsVlIIlA550+wBvjPtzoUUNU3GW8ta0=
github.com/timtadh/fs2 v0.1.0/go.mod h1:oPHsztYWhP3uWRFJLzph8VIPmE0q6BdFbNumoHfK7zg=
github.com/timtadh/getopt v1.0.0/go.mod h1:L3EL6YN2G0eIAhYBo9b7SB9d/kEQmdnwthIlMJfj210=
