{
  "name": "goLists",
  "version": "1.0.0",
  "lockfileVersion": 1,
  "requires": true,
  "dependencies": {
    "bplustree": {
      "version": "2.0.1",
      "resolved": "https://registry.npmjs.org/bplustree/-/bplustree-2.0.1.tgz",
      "integrity": "sha512-S6w8SCGgv4eSkSmdvAhEQ8+SX+RT9JFfr04DPmaraa2vlzz3XAEbjc5KmZQNRB5iotwPurWPM6RV0H3rGoL3CQ=="
    }
  }
}
